
Microsoft Visual Studio Solution File, Format Version 12.00
# Visual Studio Version 17
VisualStudioVersion = 17.11.35312.102
MinimumVisualStudioVersion = 10.0.40219.1
Project("{FAE04EC0-301F-11D3-BF4B-00C04F79EFBC}") = "Day 4 Tasks", "Day 4 Tasks\Day 4 Tasks.csproj", "{CBE07D02-BBEE-430F-A722-5A3F9198B826}"
EndProject
Global
	GlobalSection(SolutionConfigurationPlatforms) = preSolution
		Debug|Any CPU = Debug|Any CPU
		Release|Any CPU = Release|Any CPU
	EndGlobalSection
	GlobalSection(ProjectConfigurationPlatforms) = postSolution
		{CBE07D02-BBEE-430F-A722-5A3F9198B826}.Debug|Any CPU.ActiveCfg = Debug|Any CPU
		{CBE07D02-BBEE-430F-A722-5A3F9198B826}.Debug|Any CPU.Build.0 = Debug|Any CPU
		{CBE07D02-BBEE-430F-A722-5A3F9198B826}.Release|Any CPU.ActiveCfg = Release|Any CPU
		{CBE07D02-BBEE-430F-A722-5A3F9198B826}.Release|Any CPU.Build.0 = Release|Any CPU
	EndGlobalSection
	GlobalSection(SolutionProperties) = preSolution
		HideSolutionNode = FALSE
	EndGlobalSection
	GlobalSection(ExtensibilityGlobals) = postSolution
		SolutionGuid = {D006E34B-468A-4358-AFA7-A5B65ECE00DD}
	EndGlobalSection
EndGlobal
